PODS:
  - Nimble (3.2.0)
  - Quick (0.9.1)
  - Sugar (1.0.13)

DEPENDENCIES:
  - Nimble (~> 3.2)
  - Quick (~> 0.9)
  - Sugar (~> 1.0)

SPEC CHECKSUMS:
  Nimble: 703854335d181df169bbca9c97117b5cf8c47c1d
  Quick: a5221fc21788b6aeda934805e68b061839bc3165
  Sugar: ca8778ac9d076fba1366b889e6bc205f376465e4

PODFILE CHECKSUM: 08509db3db9b078545c9a35d18aefd20fbe86bf2

COCOAPODS: 1.0.0.beta.5
